
Microsoft Visual Studio Solution File, Format Version 12.00
# Visual Studio Version 17
VisualStudioVersion = 17.6.33617.297
MinimumVisualStudioVersion = 10.0.40219.1
Project("{9A19103F-16F7-4668-BE54-9A1E7A4F7556}") = "AutomateRobotService", "AutomateRobotService.csproj", "{92C1EA34-65A5-4F49-9CD4-FC1660C6F33C}"
EndProject
Global
	GlobalSection(SolutionConfigurationPlatforms) = preSolution
		Debug|Any CPU = Debug|Any CPU
		Release|Any CPU = Release|Any CPU
	EndGlobalSection
	GlobalSection(ProjectConfigurationPlatforms) = postSolution
		{92C1EA34-65A5-4F49-9CD4-FC1660C6F33C}.Debug|Any CPU.ActiveCfg = Debug|Any CPU
		{92C1EA34-65A5-4F49-9CD4-FC1660C6F33C}.Debug|Any CPU.Build.0 = Debug|Any CPU
		{92C1EA34-65A5-4F49-9CD4-FC1660C6F33C}.Release|Any CPU.ActiveCfg = Release|Any CPU
		{92C1EA34-65A5-4F49-9CD4-FC1660C6F33C}.Release|Any CPU.Build.0 = Release|Any CPU
	EndGlobalSection
	GlobalSection(SolutionProperties) = preSolution
		HideSolutionNode = FALSE
	EndGlobalSection
	GlobalSection(ExtensibilityGlobals) = postSolution
		SolutionGuid = {3BA8A579-D7F9-4EDF-89D3-33A5294F85B9}
	EndGlobalSection
EndGlobal
